{
  "name": "NodeCriandoPrimeiraBiblioteca",
  "lockfileVersion": 2,
  "requires": true,
  "packages": {
    "": {
      "dependencies": {
        "chal": "^0.0.1-security.0",
        "chalk": "^5.2.0"
      }
    },
    "node_modules/chal": {
      "version": "0.0.1-security.0",
      "resolved": "https://registry.npmjs.org/chal/-/chal-0.0.1-security.0.tgz",
      "integrity": "sha512-+FPHudbbslGdtqLMB8S5oQQz4RMiuDxL6ofZrDl4LW8vDEOf9Pt22FBGkwYbytm+4v8Li56RBiw+RHobvRsrPQ=="
    },
    "node_modules/chalk": {
      "version": "5.2.0",
      "resolved": "https://registry.npmjs.org/chalk/-/chalk-5.2.0.tgz",
      "integrity": "sha512-ree3Gqw/nazQAPuJJEy+avdl7QfZMcUvmHIKgEZkGL+xOBzRvup5Hxo6LHuMceSxOabuJLJm5Yp/92R9eMmMvA==",
      "engines": {
        "node": "^12.17.0 || ^14.13 || >=16.0.0"
      },
      "funding": {
        "url": "https://github.com/chalk/chalk?sponsor=1"
      }
    }
  },
  "dependencies": {
    "chal": {
      "version": "0.0.1-security.0",
      "resolved": "https://registry.npmjs.org/chal/-/chal-0.0.1-security.0.tgz",
      "integrity": "sha512-+FPHudbbslGdtqLMB8S5oQQz4RMiuDxL6ofZrDl4LW8vDEOf9Pt22FBGkwYbytm+4v8Li56RBiw+RHobvRsrPQ=="
    },
    "chalk": {
      "version": "5.2.0",
      "resolved": "https://registry.npmjs.org/chalk/-/chalk-5.2.0.tgz",
      "integrity": "sha512-ree3Gqw/nazQAPuJJEy+avdl7QfZMcUvmHIKgEZkGL+xOBzRvup5Hxo6LHuMceSxOabuJLJm5Yp/92R9eMmMvA=="
    }
  }
}
